
Microsoft Visual Studio Solution File, Format Version 12.00
# Visual Studio Version 16
VisualStudioVersion = 16.0.31129.286
MinimumVisualStudioVersion = 10.0.40219.1
Project("{9A19103F-16F7-4668-BE54-9A1E7A4F7556}") = "Lession1", "Lession1.csproj", "{89EF6B1F-9E5D-44EF-864A-AB25505EB0F7}"
EndProject
Project("{FAE04EC0-301F-11D3-BF4B-00C04F79EFBC}") = "Winform01", "D:\Winform\Winform01\Winform01.csproj", "{2669B482-A44F-47AB-A72D-4A11C01EC2E8}"
EndProject
Global
	GlobalSection(SolutionConfigurationPlatforms) = preSolution
		Debug|Any CPU = Debug|Any CPU
		Release|Any CPU = Release|Any CPU
	EndGlobalSection
	GlobalSection(ProjectConfigurationPlatforms) = postSolution
		{89EF6B1F-9E5D-44EF-864A-AB25505EB0F7}.Debug|Any CPU.ActiveCfg = Debug|Any CPU
		{89EF6B1F-9E5D-44EF-864A-AB25505EB0F7}.Debug|Any CPU.Build.0 = Debug|Any CPU
		{89EF6B1F-9E5D-44EF-864A-AB25505EB0F7}.Release|Any CPU.ActiveCfg = Release|Any CPU
		{89EF6B1F-9E5D-44EF-864A-AB25505EB0F7}.Release|Any CPU.Build.0 = Release|Any CPU
		{2669B482-A44F-47AB-A72D-4A11C01EC2E8}.Debug|Any CPU.ActiveCfg = Debug|Any CPU
		{2669B482-A44F-47AB-A72D-4A11C01EC2E8}.Debug|Any CPU.Build.0 = Debug|Any CPU
		{2669B482-A44F-47AB-A72D-4A11C01EC2E8}.Release|Any CPU.ActiveCfg = Release|Any CPU
		{2669B482-A44F-47AB-A72D-4A11C01EC2E8}.Release|Any CPU.Build.0 = Release|Any CPU
	EndGlobalSection
	GlobalSection(SolutionProperties) = preSolution
		HideSolutionNode = FALSE
	EndGlobalSection
	GlobalSection(ExtensibilityGlobals) = postSolution
		SolutionGuid = {77BAD450-BD17-415E-941D-52407CC6BA9E}
	EndGlobalSection
EndGlobal
